
Microsoft Visual Studio Solution File, Format Version 12.00
# Visual Studio Version 17
VisualStudioVersion = 17.9.34310.174
MinimumVisualStudioVersion = 10.0.40219.1
Project("{9A19103F-16F7-4668-BE54-9A1E7A4F7556}") = "API", "API\API.csproj", "{47D7A1BB-71F9-4B84-8EA5-0A9F39734C71}"
EndProject
Project("{9A19103F-16F7-4668-BE54-9A1E7A4F7556}") = "BeaversDB", "BeaversDB\BeaversDB.csproj", "{41C226AE-4563-403D-9FE9-80839FE3FA08}"
EndProject
Project("{FAE04EC0-301F-11D3-BF4B-00C04F79EFBC}") = "BeaversSite", "BeaversSite\BeaversSite.csproj", "{4683C5CE-6ECD-45EC-9D14-2BEE2446FBBE}"
EndProject
Global
	GlobalSection(SolutionConfigurationPlatforms) = preSolution
		Debug|Any CPU = Debug|Any CPU
		Release|Any CPU = Release|Any CPU
	EndGlobalSection
	GlobalSection(ProjectConfigurationPlatforms) = postSolution
		{47D7A1BB-71F9-4B84-8EA5-0A9F39734C71}.Debug|Any CPU.ActiveCfg = Debug|Any CPU
		{47D7A1BB-71F9-4B84-8EA5-0A9F39734C71}.Debug|Any CPU.Build.0 = Debug|Any CPU
		{47D7A1BB-71F9-4B84-8EA5-0A9F39734C71}.Release|Any CPU.ActiveCfg = Release|Any CPU
		{47D7A1BB-71F9-4B84-8EA5-0A9F39734C71}.Release|Any CPU.Build.0 = Release|Any CPU
		{41C226AE-4563-403D-9FE9-80839FE3FA08}.Debug|Any CPU.ActiveCfg = Debug|Any CPU
		{41C226AE-4563-403D-9FE9-80839FE3FA08}.Debug|Any CPU.Build.0 = Debug|Any CPU
		{41C226AE-4563-403D-9FE9-80839FE3FA08}.Release|Any CPU.ActiveCfg = Release|Any CPU
		{41C226AE-4563-403D-9FE9-80839FE3FA08}.Release|Any CPU.Build.0 = Release|Any CPU
		{4683C5CE-6ECD-45EC-9D14-2BEE2446FBBE}.Debug|Any CPU.ActiveCfg = Debug|Any CPU
		{4683C5CE-6ECD-45EC-9D14-2BEE2446FBBE}.Debug|Any CPU.Build.0 = Debug|Any CPU
		{4683C5CE-6ECD-45EC-9D14-2BEE2446FBBE}.Release|Any CPU.ActiveCfg = Release|Any CPU
		{4683C5CE-6ECD-45EC-9D14-2BEE2446FBBE}.Release|Any CPU.Build.0 = Release|Any CPU
	EndGlobalSection
	GlobalSection(SolutionProperties) = preSolution
		HideSolutionNode = FALSE
	EndGlobalSection
	GlobalSection(ExtensibilityGlobals) = postSolution
		SolutionGuid = {8AC1C40E-1620-449B-A13A-0E57512561AF}
	EndGlobalSection
EndGlobal
